
Microsoft Visual Studio Solution File, Format Version 12.00
# Visual Studio 15
VisualStudioVersion = 15.0.28307.1145
MinimumVisualStudioVersion = 10.0.40219.1
Project("{FAE04EC0-301F-11D3-BF4B-00C04F79EFBC}") = "UserApi", "UserApi\UserApi.csproj", "{7482FFA3-E846-405E-BAF2-F697730CD960}"
EndProject
Global
	GlobalSection(SolutionConfigurationPlatforms) = preSolution
		Debug|Any CPU = Debug|Any CPU
		Release|Any CPU = Release|Any CPU
	EndGlobalSection
	GlobalSection(ProjectConfigurationPlatforms) = postSolution
		{7482FFA3-E846-405E-BAF2-F697730CD960}.Debug|Any CPU.ActiveCfg = Debug|Any CPU
		{7482FFA3-E846-405E-BAF2-F697730CD960}.Debug|Any CPU.Build.0 = Debug|Any CPU
		{7482FFA3-E846-405E-BAF2-F697730CD960}.Release|Any CPU.ActiveCfg = Release|Any CPU
		{7482FFA3-E846-405E-BAF2-F697730CD960}.Release|Any CPU.Build.0 = Release|Any CPU
	EndGlobalSection
	GlobalSection(SolutionProperties) = preSolution
		HideSolutionNode = FALSE
	EndGlobalSection
	GlobalSection(ExtensibilityGlobals) = postSolution
		SolutionGuid = {1F47EE6F-6428-4021-928D-F42171A166AA}
	EndGlobalSection
EndGlobal
